Microsoft Visual Studio Solution File, Format Version 8.00
Project("{FAE04EC0-301F-11D3-BF4B-00C04F79EFBC}") = "CongressoPsicologia", "http://localhost/congressopsicologia2005/CongressoPsicologia.csproj", "{6FFB4D2E-34F9-426D-90A7-AA45FAB8EB3A}"
	ProjectSection(ProjectDependencies) = postProject
	EndProjectSection
EndProject
Global
	GlobalSection(SolutionConfiguration) = preSolution
		Debug = Debug
		Release = Release
	EndGlobalSection
	GlobalSection(ProjectConfiguration) = postSolution
		{6FFB4D2E-34F9-426D-90A7-AA45FAB8EB3A}.Debug.ActiveCfg = Debug|.NET
		{6FFB4D2E-34F9-426D-90A7-AA45FAB8EB3A}.Debug.Build.0 = Debug|.NET
		{6FFB4D2E-34F9-426D-90A7-AA45FAB8EB3A}.Release.ActiveCfg = Release|.NET
		{6FFB4D2E-34F9-426D-90A7-AA45FAB8EB3A}.Release.Build.0 = Release|.NET
	EndGlobalSection
	GlobalSection(ExtensibilityGlobals) = postSolution
	EndGlobalSection
	GlobalSection(ExtensibilityAddIns) = postSolution
	EndGlobalSection
EndGlobal
